
Microsoft Visual Studio Solution File, Format Version 12.00
# Visual Studio 2013
VisualStudioVersion = 12.0.31101.0
MinimumVisualStudioVersion = 10.0.40219.1
Project("{FAE04EC0-301F-11D3-BF4B-00C04F79EFBC}") = "POC", "POC\POC.csproj", "{D1503383-D5E8-4AF9-AA88-0F81F2471900}"
	ProjectSection(ProjectDependencies) = postProject
		{53E645A3-337B-48F2-B2D1-1036D9D7CF8B} = {53E645A3-337B-48F2-B2D1-1036D9D7CF8B}
		{110622F7-7CEE-4AC2-92BA-FC6DFF2ED8EB} = {110622F7-7CEE-4AC2-92BA-FC6DFF2ED8EB}
	EndProjectSection
EndProject
Project("{FAE04EC0-301F-11D3-BF4B-00C04F79EFBC}") = "MyData", "BitcoinProject\MyData\MyData.csproj", "{110622F7-7CEE-4AC2-92BA-FC6DFF2ED8EB}"
EndProject
Project("{FAE04EC0-301F-11D3-BF4B-00C04F79EFBC}") = "Client", "BitcoinProject\Client\Client.csproj", "{53E645A3-337B-48F2-B2D1-1036D9D7CF8B}"
EndProject
Global
	GlobalSection(SolutionConfigurationPlatforms) = preSolution
		Debug|Any CPU = Debug|Any CPU
		Release|Any CPU = Release|Any CPU
	EndGlobalSection
	GlobalSection(ProjectConfigurationPlatforms) = postSolution
		{D1503383-D5E8-4AF9-AA88-0F81F2471900}.Debug|Any CPU.ActiveCfg = Debug|Any CPU
		{D1503383-D5E8-4AF9-AA88-0F81F2471900}.Debug|Any CPU.Build.0 = Debug|Any CPU
		{D1503383-D5E8-4AF9-AA88-0F81F2471900}.Release|Any CPU.ActiveCfg = Release|Any CPU
		{D1503383-D5E8-4AF9-AA88-0F81F2471900}.Release|Any CPU.Build.0 = Release|Any CPU
		{110622F7-7CEE-4AC2-92BA-FC6DFF2ED8EB}.Debug|Any CPU.ActiveCfg = Debug|Any CPU
		{110622F7-7CEE-4AC2-92BA-FC6DFF2ED8EB}.Debug|Any CPU.Build.0 = Debug|Any CPU
		{110622F7-7CEE-4AC2-92BA-FC6DFF2ED8EB}.Release|Any CPU.ActiveCfg = Release|Any CPU
		{110622F7-7CEE-4AC2-92BA-FC6DFF2ED8EB}.Release|Any CPU.Build.0 = Release|Any CPU
		{53E645A3-337B-48F2-B2D1-1036D9D7CF8B}.Debug|Any CPU.ActiveCfg = Debug|Any CPU
		{53E645A3-337B-48F2-B2D1-1036D9D7CF8B}.Debug|Any CPU.Build.0 = Debug|Any CPU
		{53E645A3-337B-48F2-B2D1-1036D9D7CF8B}.Release|Any CPU.ActiveCfg = Release|Any CPU
		{53E645A3-337B-48F2-B2D1-1036D9D7CF8B}.Release|Any CPU.Build.0 = Release|Any CPU
	EndGlobalSection
	GlobalSection(SolutionProperties) = preSolution
		HideSolutionNode = FALSE
	EndGlobalSection
EndGlobal
